
Microsoft Visual Studio Solution File, Format Version 12.00
# Visual Studio 14
VisualStudioVersion = 14.0.23107.0
MinimumVisualStudioVersion = 10.0.40219.1
Project("{FAE04EC0-301F-11D3-BF4B-00C04F79EFBC}") = "decimal octal", "decimal octal\decimal octal.csproj", "{331A71F6-0643-459A-B4FB-0D09744D1033}"
EndProject
Global
	GlobalSection(SolutionConfigurationPlatforms) = preSolution
		Debug|Any CPU = Debug|Any CPU
		Release|Any CPU = Release|Any CPU
	EndGlobalSection
	GlobalSection(ProjectConfigurationPlatforms) = postSolution
		{331A71F6-0643-459A-B4FB-0D09744D1033}.Debug|Any CPU.ActiveCfg = Debug|Any CPU
		{331A71F6-0643-459A-B4FB-0D09744D1033}.Debug|Any CPU.Build.0 = Debug|Any CPU
		{331A71F6-0643-459A-B4FB-0D09744D1033}.Release|Any CPU.ActiveCfg = Release|Any CPU
		{331A71F6-0643-459A-B4FB-0D09744D1033}.Release|Any CPU.Build.0 = Release|Any CPU
	EndGlobalSection
	GlobalSection(SolutionProperties) = preSolution
		HideSolutionNode = FALSE
	EndGlobalSection
EndGlobal
